
Microsoft Visual Studio Solution File, Format Version 12.00
# Visual Studio Version 17
VisualStudioVersion = 17.14.36221.1 d17.14
MinimumVisualStudioVersion = 10.0.40219.1
Project("{FAE04EC0-301F-11D3-BF4B-00C04F79EFBC}") = "MVC.ChartWebApp", "MVC.ChartWebApp\MVC.ChartWebApp.csproj", "{869A26BA-25F9-4A35-AF5F-B96D44B26BE8}"
EndProject
Global
	GlobalSection(SolutionConfigurationPlatforms) = preSolution
		Debug|Any CPU = Debug|Any CPU
		Release|Any CPU = Release|Any CPU
	EndGlobalSection
	GlobalSection(ProjectConfigurationPlatforms) = postSolution
		{869A26BA-25F9-4A35-AF5F-B96D44B26BE8}.Debug|Any CPU.ActiveCfg = Debug|Any CPU
		{869A26BA-25F9-4A35-AF5F-B96D44B26BE8}.Debug|Any CPU.Build.0 = Debug|Any CPU
		{869A26BA-25F9-4A35-AF5F-B96D44B26BE8}.Release|Any CPU.ActiveCfg = Release|Any CPU
		{869A26BA-25F9-4A35-AF5F-B96D44B26BE8}.Release|Any CPU.Build.0 = Release|Any CPU
	EndGlobalSection
	GlobalSection(SolutionProperties) = preSolution
		HideSolutionNode = FALSE
	EndGlobalSection
	GlobalSection(ExtensibilityGlobals) = postSolution
		SolutionGuid = {A63B614E-1C72-41B3-9BF0-DB90E0E47979}
	EndGlobalSection
EndGlobal
